// !$*UTF8*$!
{
	archiveVersion = 1;
	classes = {
	};
	objectVersion = 56;
	objects = {

/* Begin PBXBuildFile section */
		325D10EA019C1BA33D2639BA /* Pods_weather.framework in Frameworks */ = {isa = PBXBuildFile; fileRef = 2080C43DEB8C17375B90C443 /* Pods_weather.framework */; };
		9D561CB328F4033D0060F0CA /* AppDelegate.swift in Sources */ = {isa = PBXBuildFile; fileRef = 9D561CB228F4033D0060F0CA /* AppDelegate.swift */; };
		9D561CB528F4033D0060F0CA /* SceneDelegate.swift in Sources */ = {isa = PBXBuildFile; fileRef = 9D561CB428F4033D0060F0CA /* SceneDelegate.swift */; };
		9D561CB728F4033D0060F0CA /* ViewController.swift in Sources */ = {isa = PBXBuildFile; fileRef = 9D561CB628F4033D0060F0CA /* ViewController.swift */; };
		9D561CBA28F4033D0060F0CA /* Main.storyboard in Resources */ = {isa = PBXBuildFile; fileRef = 9D561CB828F4033D0060F0CA /* Main.storyboard */; };
		9D561CBF28F4033F0060F0CA /* LaunchScreen.storyboard in Resources */ = {isa = PBXBuildFile; fileRef = 9D561CBD28F4033F0060F0CA /* LaunchScreen.storyboard */; };
		9DA41EDF28F8060A0090A1CE /* Assets.xcassets in Resources */ = {isa = PBXBuildFile; fileRef = 9D561CBB28F4033F0060F0CA /* Assets.xcassets */; };
		9DA41EE128F8E16D0090A1CE /* ViewController-CLLocationManagerDelegate.swift in Sources */ = {isa = PBXBuildFile; fileRef = 9DA41EE028F8E16D0090A1CE /* ViewController-CLLocationManagerDelegate.swift */; };
		9DA41EE328F8E2B00090A1CE /* ViewController-QueryViewControllerDelegate.swift in Sources */ = {isa = PBXBuildFile; fileRef = 9DA41EE228F8E2B00090A1CE /* ViewController-QueryViewControllerDelegate.swift */; };
		9DA41EE528F8E4280090A1CE /* Constant.swift in Sources */ = {isa = PBXBuildFile; fileRef = 9DA41EE428F8E4280090A1CE /* Constant.swift */; };
		9DA41EE728F8E5470090A1CE /* ViewController-Helper.swift in Sources */ = {isa = PBXBuildFile; fileRef = 9DA41EE628F8E5470090A1CE /* ViewController-Helper.swift */; };
		9DB1DB3928F5BE2600D28EE4 /* Weather.swift in Sources */ = {isa = PBXBuildFile; fileRef = 9DB1DB3828F5BE2600D28EE4 /* Weather.swift */; };
		9DB1DB3D28F6C1BA00D28EE4 /* QueryViewController.swift in Sources */ = {isa = PBXBuildFile; fileRef = 9DB1DB3C28F6C1BA00D28EE4 /* QueryViewController.swift */; };
/* End PBXBuildFile section */

/* Begin PBXFileReference section */
		03971482BD9C55C808317AC1 /* Pods-weather.release.xcconfig */ = {isa = PBXFileReference; includeInIndex = 1; lastKnownFileType = text.xcconfig; name = "Pods-weather.release.xcconfig"; path = "Target Support Files/Pods-weather/Pods-weather.release.xcconfig"; sourceTree = "<group>"; };
		2080C43DEB8C17375B90C443 /* Pods_weather.framework */ = {isa = PBXFileReference; explicitFileType = wrapper.framework; includeInIndex = 0; path = Pods_weather.framework; sourceTree = BUILT_PRODUCTS_DIR; };
		9D561CAF28F4033D0060F0CA /* weather.app */ = {isa = PBXFileReference; explicitFileType = wrapper.application; includeInIndex = 0; path = weather.app; sourceTree = BUILT_PRODUCTS_DIR; };
		9D561CB228F4033D0060F0CA /* AppDelegate.swift */ = {isa = PBXFileReference; lastKnownFileType = sourcecode.swift; path = AppDelegate.swift; sourceTree = "<group>"; };
		9D561CB428F4033D0060F0CA /* SceneDelegate.swift */ = {isa = PBXFileReference; lastKnownFileType = sourcecode.swift; path = SceneDelegate.swift; sourceTree = "<group>"; };
		9D561CB628F4033D0060F0CA /* ViewController.swift */ = {isa = PBXFileReference; lastKnownFileType = sourcecode.swift; path = ViewController.swift; sourceTree = "<group>"; };
		9D561CB928F4033D0060F0CA /* Base */ = {isa = PBXFileReference; lastKnownFileType = file.storyboard; name = Base; path = Base.lproj/Main.storyboard; sourceTree = "<group>"; };
		9D561CBB28F4033F0060F0CA /* Assets.xcassets */ = {isa = PBXFileReference; lastKnownFileType = folder.assetcatalog; path = Assets.xcassets; sourceTree = "<group>"; };
		9D561CBE28F4033F0060F0CA /* Base */ = {isa = PBXFileReference; lastKnownFileType = file.storyboard; name = Base; path = Base.lproj/LaunchScreen.storyboard; sourceTree = "<group>"; };
		9D561CC028F4033F0060F0CA /* Info.plist */ = {isa = PBXFileReference; lastKnownFileType = text.plist.xml; path = Info.plist; sourceTree = "<group>"; };
		9DA41EE028F8E16D0090A1CE /* ViewController-CLLocationManagerDelegate.swift */ = {isa = PBXFileReference; lastKnownFileType = sourcecode.swift; path = "ViewController-CLLocationManagerDelegate.swift"; sourceTree = "<group>"; };
		9DA41EE228F8E2B00090A1CE /* ViewController-QueryViewControllerDelegate.swift */ = {isa = PBXFileReference; lastKnownFileType = sourcecode.swift; path = "ViewController-QueryViewControllerDelegate.swift"; sourceTree = "<group>"; };
		9DA41EE428F8E4280090A1CE /* Constant.swift */ = {isa = PBXFileReference; lastKnownFileType = sourcecode.swift; path = Constant.swift; sourceTree = "<group>"; };
		9DA41EE628F8E5470090A1CE /* ViewController-Helper.swift */ = {isa = PBXFileReference; lastKnownFileType = sourcecode.swift; path = "ViewController-Helper.swift"; sourceTree = "<group>"; };
		9DB1DB3828F5BE2600D28EE4 /* Weather.swift */ = {isa = PBXFileReference; lastKnownFileType = sourcecode.swift; path = Weather.swift; sourceTree = "<group>"; };
		9DB1DB3C28F6C1BA00D28EE4 /* QueryViewController.swift */ = {isa = PBXFileReference; lastKnownFileType = sourcecode.swift; path = QueryViewController.swift; sourceTree = "<group>"; };
		AC5D59A0739AD991218DAAC4 /* Pods-weather.debug.xcconfig */ = {isa = PBXFileReference; includeInIndex = 1; lastKnownFileType = text.xcconfig; name = "Pods-weather.debug.xcconfig"; path = "Target Support Files/Pods-weather/Pods-weather.debug.xcconfig"; sourceTree = "<group>"; };
/* End PBXFileReference section */

/* Begin PBXFrameworksBuildPhase section */
		9D561CAC28F4033D0060F0CA /* Frameworks */ = {
			isa = PBXFrameworksBuildPhase;
			buildActionMask = 2147483647;
			files = (
				325D10EA019C1BA33D2639BA /* Pods_weather.framework in Frameworks */,
			);
			runOnlyForDeploymentPostprocessing = 0;
		};
/* End PBXFrameworksBuildPhase section */

/* Begin PBXGroup section */
		9D561CA628F4033D0060F0CA = {
			isa = PBXGroup;
			children = (
				9D561CB828F4033D0060F0CA /* Main.storyboard */,
				9D561CB128F4033D0060F0CA /* weather */,
				9D561CB028F4033D0060F0CA /* Products */,
				B376EF44C1DA71B01CF46C94 /* Pods */,
				A614C67020E4A4A373FF0BDD /* Frameworks */,
			);
			sourceTree = "<group>";
		};
		9D561CB028F4033D0060F0CA /* Products */ = {
			isa = PBXGroup;
			children = (
				9D561CAF28F4033D0060F0CA /* weather.app */,
			);
			name = Products;
			sourceTree = "<group>";
		};
		9D561CB128F4033D0060F0CA /* weather */ = {
			isa = PBXGroup;
			children = (
				9D561CB228F4033D0060F0CA /* AppDelegate.swift */,
				9D561CB428F4033D0060F0CA /* SceneDelegate.swift */,
				9DB1DB3A28F5C72600D28EE4 /* Model */,
				9DB1DB3B28F5C73400D28EE4 /* Controller */,
				9D561CBB28F4033F0060F0CA /* Assets.xcassets */,
				9DA41EE428F8E4280090A1CE /* Constant.swift */,
				9D561CBD28F4033F0060F0CA /* LaunchScreen.storyboard */,
				9D561CC028F4033F0060F0CA /* Info.plist */,
			);
			path = weather;
			sourceTree = "<group>";
		};
		9DB1DB3A28F5C72600D28EE4 /* Model */ = {
			isa = PBXGroup;
			children = (
				9DB1DB3828F5BE2600D28EE4 /* Weather.swift */,
			);
			path = Model;
			sourceTree = "<group>";
		};
		9DB1DB3B28F5C73400D28EE4 /* Controller */ = {
			isa = PBXGroup;
			children = (
				9D561CB628F4033D0060F0CA /* ViewController.swift */,
				9DB1DB3C28F6C1BA00D28EE4 /* QueryViewController.swift */,
				9DA41EE028F8E16D0090A1CE /* ViewController-CLLocationManagerDelegate.swift */,
				9DA41EE228F8E2B00090A1CE /* ViewController-QueryViewControllerDelegate.swift */,
				9DA41EE628F8E5470090A1CE /* ViewController-Helper.swift */,
			);
			path = Controller;
			sourceTree = "<group>";
		};
		A614C67020E4A4A373FF0BDD /* Frameworks */ = {
			isa = PBXGroup;
			children = (
				2080C43DEB8C17375B90C443 /* Pods_weather.framework */,
			);
			name = Frameworks;
			sourceTree = "<group>";
		};
		B376EF44C1DA71B01CF46C94 /* Pods */ = {
			isa = PBXGroup;
			children = (
				AC5D59A0739AD991218DAAC4 /* Pods-weather.debug.xcconfig */,
				03971482BD9C55C808317AC1 /* Pods-weather.release.xcconfig */,
			);
			path = Pods;
			sourceTree = "<group>";
		};
/* End PBXGroup section */

/* Begin PBXNativeTarget section */
		9D561CAE28F4033D0060F0CA /* weather */ = {
			isa = PBXNativeTarget;
			buildConfigurationList = 9D561CC328F4033F0060F0CA /* Build configuration list for PBXNativeTarget "weather" */;
			buildPhases = (
				66B835520F5CDC926534DABE /* [CP] Check Pods Manifest.lock */,
				9D561CAB28F4033D0060F0CA /* Sources */,
				9D561CAC28F4033D0060F0CA /* Frameworks */,
				9D561CAD28F4033D0060F0CA /* Resources */,
				A4470A0C345A0BD5A9EABDF2 /* [CP] Embed Pods Frameworks */,
			);
			buildRules = (
			);
			dependencies = (
			);
			name = weather;
			productName = weather;
			productReference = 9D561CAF28F4033D0060F0CA /* weather.app */;
			productType = "com.apple.product-type.application";
		};
/* End PBXNativeTarget section */

/* Begin PBXProject section */
		9D561CA728F4033D0060F0CA /* Project object */ = {
			isa = PBXProject;
			attributes = {
				BuildIndependentTargetsInParallel = 1;
				LastSwiftUpdateCheck = 1400;
				LastUpgradeCheck = 1400;
				TargetAttributes = {
					9D561CAE28F4033D0060F0CA = {
						CreatedOnToolsVersion = 14.0;
					};
				};
			};
			buildConfigurationList = 9D561CAA28F4033D0060F0CA /* Build configuration list for PBXProject "weather" */;
			compatibilityVersion = "Xcode 14.0";
			developmentRegion = en;
			hasScannedForEncodings = 0;
			knownRegions = (
				en,
				Base,
			);
			mainGroup = 9D561CA628F4033D0060F0CA;
			productRefGroup = 9D561CB028F4033D0060F0CA /* Products */;
			projectDirPath = "";
			projectRoot = "";
			targets = (
				9D561CAE28F4033D0060F0CA /* weather */,
			);
		};
/* End PBXProject section */

/* Begin PBXResourcesBuildPhase section */
		9D561CAD28F4033D0060F0CA /* Resources */ = {
			isa = PBXResourcesBuildPhase;
			buildActionMask = 2147483647;
			files = (
				9D561CBF28F4033F0060F0CA /* LaunchScreen.storyboard in Resources */,
				9DA41EDF28F8060A0090A1CE /* Assets.xcassets in Resources */,
				9D561CBA28F4033D0060F0CA /* Main.storyboard in Resources */,
			);
			runOnlyForDeploymentPostprocessing = 0;
		};
/* End PBXResourcesBuildPhase section */

/* Begin PBXShellScriptBuildPhase section */
		66B835520F5CDC926534DABE /* [CP] Check Pods Manifest.lock */ = {
			isa = PBXShellScriptBuildPhase;
			buildActionMask = 2147483647;
			files = (
			);
			inputFileListPaths = (
			);
			inputPaths = (
				"${PODS_PODFILE_DIR_PATH}/Podfile.lock",
				"${PODS_ROOT}/Manifest.lock",
			);
			name = "[CP] Check Pods Manifest.lock";
			outputFileListPaths = (
			);
			outputPaths = (
				"$(DERIVED_FILE_DIR)/Pods-weather-checkManifestLockResult.txt",
			);
			runOnlyForDeploymentPostprocessing = 0;
			shellPath = /bin/sh;
			shellScript = "diff \"${PODS_PODFILE_DIR_PATH}/Podfile.lock\" \"${PODS_ROOT}/Manifest.lock\" > /dev/null\nif [ $? != 0 ] ; then\n    # print error to STDERR\n    echo \"error: The sandbox is not in sync with the Podfile.lock. Run 'pod install' or update your CocoaPods installation.\" >&2\n    exit 1\nfi\n# This output is used by Xcode 'outputs' to avoid re-running this script phase.\necho \"SUCCESS\" > \"${SCRIPT_OUTPUT_FILE_0}\"\n";
			showEnvVarsInLog = 0;
		};
		A4470A0C345A0BD5A9EABDF2 /* [CP] Embed Pods Frameworks */ = {
			isa = PBXShellScriptBuildPhase;
			buildActionMask = 2147483647;
			files = (
			);
			inputFileListPaths = (
				"${PODS_ROOT}/Target Support Files/Pods-weather/Pods-weather-frameworks-${CONFIGURATION}-input-files.xcfilelist",
			);
			name = "[CP] Embed Pods Frameworks";
			outputFileListPaths = (
				"${PODS_ROOT}/Target Support Files/Pods-weather/Pods-weather-frameworks-${CONFIGURATION}-output-files.xcfilelist",
			);
			runOnlyForDeploymentPostprocessing = 0;
			shellPath = /bin/sh;
			shellScript = "\"${PODS_ROOT}/Target Support Files/Pods-weather/Pods-weather-frameworks.sh\"\n";
			showEnvVarsInLog = 0;
		};
/* End PBXShellScriptBuildPhase section */

/* Begin PBXSourcesBuildPhase section */
		9D561CAB28F4033D0060F0CA /* Sources */ = {
			isa = PBXSourcesBuildPhase;
			buildActionMask = 2147483647;
			files = (
				9DB1DB3928F5BE2600D28EE4 /* Weather.swift in Sources */,
				9D561CB728F4033D0060F0CA /* ViewController.swift in Sources */,
				9D561CB328F4033D0060F0CA /* AppDelegate.swift in Sources */,
				9DA41EE528F8E4280090A1CE /* Constant.swift in Sources */,
				9D561CB528F4033D0060F0CA /* SceneDelegate.swift in Sources */,
				9DB1DB3D28F6C1BA00D28EE4 /* QueryViewController.swift in Sources */,
				9DA41EE728F8E5470090A1CE /* ViewController-Helper.swift in Sources */,
				9DA41EE128F8E16D0090A1CE /* ViewController-CLLocationManagerDelegate.swift in Sources */,
				9DA41EE328F8E2B00090A1CE /* ViewController-QueryViewControllerDelegate.swift in Sources */,
			);
			runOnlyForDeploymentPostprocessing = 0;
		};
/* End PBXSourcesBuildPhase section */

/* Begin PBXVariantGroup section */
		9D561CB828F4033D0060F0CA /* Main.storyboard */ = {
			isa = PBXVariantGroup;
			children = (
				9D561CB928F4033D0060F0CA /* Base */,
			);
			name = Main.storyboard;
			sourceTree = "<group>";
		};
		9D561CBD28F4033F0060F0CA /* LaunchScreen.storyboard */ = {
			isa = PBXVariantGroup;
			children = (
				9D561CBE28F4033F0060F0CA /* Base */,
			);
			name = LaunchScreen.storyboard;
			sourceTree = "<group>";
		};
/* End PBXVariantGroup section */

/* Begin XCBuildConfiguration section */
		9D561CC128F4033F0060F0CA /* Debug */ = {
			isa = XCBuildConfiguration;
			buildSettings = {
				ALWAYS_SEARCH_USER_PATHS = NO;
				CLANG_ANALYZER_NONNULL = YES;
				CLANG_ANALYZER_NUMBER_OBJECT_CONVERSION = YES_AGGRESSIVE;
				CLANG_CXX_LANGUAGE_STANDARD = "gnu++20";
				CLANG_ENABLE_MODULES = YES;
				CLANG_ENABLE_OBJC_ARC = YES;
				CLANG_ENABLE_OBJC_WEAK = YES;
				CLANG_WARN_BLOCK_CAPTURE_AUTORELEASING = YES;
				CLANG_WARN_BOOL_CONVERSION = YES;
				CLANG_WARN_COMMA = YES;
				CLANG_WARN_CONSTANT_CONVERSION = YES;
				CLANG_WARN_DEPRECATED_OBJC_IMPLEMENTATIONS = YES;
				CLANG_WARN_DIRECT_OBJC_ISA_USAGE = YES_ERROR;
				CLANG_WARN_DOCUMENTATION_COMMENTS = YES;
				CLANG_WARN_EMPTY_BODY = YES;
				CLANG_WARN_ENUM_CONVERSION = YES;
				CLANG_WARN_INFINITE_RECURSION = YES;
				CLANG_WARN_INT_CONVERSION = YES;
				CLANG_WARN_NON_LITERAL_NULL_CONVERSION = YES;
				CLANG_WARN_OBJC_IMPLICIT_RETAIN_SELF = YES;
				CLANG_WARN_OBJC_LITERAL_CONVERSION = YES;
				CLANG_WARN_OBJC_ROOT_CLASS = YES_ERROR;
				CLANG_WARN_QUOTED_INCLUDE_IN_FRAMEWORK_HEADER = YES;
				CLANG_WARN_RANGE_LOOP_ANALYSIS = YES;
				CLANG_WARN_STRICT_PROTOTYPES = YES;
				CLANG_WARN_SUSPICIOUS_MOVE = YES;
				CLANG_WARN_UNGUARDED_AVAILABILITY = YES_AGGRESSIVE;
				CLANG_WARN_UNREACHABLE_CODE = YES;
				CLANG_WARN__DUPLICATE_METHOD_MATCH = YES;
				COPY_PHASE_STRIP = NO;
				DEBUG_INFORMATION_FORMAT = dwarf;
				ENABLE_STRICT_OBJC_MSGSEND = YES;
				ENABLE_TESTABILITY = YES;
				GCC_C_LANGUAGE_STANDARD = gnu11;
				GCC_DYNAMIC_NO_PIC = NO;
				GCC_NO_COMMON_BLOCKS = YES;
				GCC_OPTIMIZATION_LEVEL = 0;
				GCC_PREPROCESSOR_DEFINITIONS = (
					"DEBUG=1",
					"$(inherited)",
				);
				GCC_WARN_64_TO_32_BIT_CONVERSION = YES;
				GCC_WARN_ABOUT_RETURN_TYPE = YES_ERROR;
				GCC_WARN_UNDECLARED_SELECTOR = YES;
				GCC_WARN_UNINITIALIZED_AUTOS = YES_AGGRESSIVE;
				GCC_WARN_UNUSED_FUNCTION = YES;
				GCC_WARN_UNUSED_VARIABLE = YES;
				IPHONEOS_DEPLOYMENT_TARGET = 16.0;
				MTL_ENABLE_DEBUG_INFO = INCLUDE_SOURCE;
				MTL_FAST_MATH = YES;
				ONLY_ACTIVE_ARCH = YES;
				SDKROOT = iphoneos;
				SWIFT_ACTIVE_COMPILATION_CONDITIONS = DEBUG;
				SWIFT_OPTIMIZATION_LEVEL = "-Onone";
			};
			name = Debug;
		};
		9D561CC228F4033F0060F0CA /* Release */ = {
			isa = XCBuildConfiguration;
			buildSettings = {
				ALWAYS_SEARCH_USER_PATHS = NO;
				CLANG_ANALYZER_NONNULL = YES;
				CLANG_ANALYZER_NUMBER_OBJECT_CONVERSION = YES_AGGRESSIVE;
				CLANG_CXX_LANGUAGE_STANDARD = "gnu++20";
				CLANG_ENABLE_MODULES = YES;
				CLANG_ENABLE_OBJC_ARC = YES;
				CLANG_ENABLE_OBJC_WEAK = YES;
				CLANG_WARN_BLOCK_CAPTURE_AUTORELEASING = YES;
				CLANG_WARN_BOOL_CONVERSION = YES;
				CLANG_WARN_COMMA = YES;
				CLANG_WARN_CONSTANT_CONVERSION = YES;
				CLANG_WARN_DEPRECATED_OBJC_IMPLEMENTATIONS = YES;
				CLANG_WARN_DIRECT_OBJC_ISA_USAGE = YES_ERROR;
				CLANG_WARN_DOCUMENTATION_COMMENTS = YES;
				CLANG_WARN_EMPTY_BODY = YES;
				CLANG_WARN_ENUM_CONVERSION = YES;
				CLANG_WARN_INFINITE_RECURSION = YES;
				CLANG_WARN_INT_CONVERSION = YES;
				CLANG_WARN_NON_LITERAL_NULL_CONVERSION = YES;
				CLANG_WARN_OBJC_IMPLICIT_RETAIN_SELF = YES;
				CLANG_WARN_OBJC_LITERAL_CONVERSION = YES;
				CLANG_WARN_OBJC_ROOT_CLASS = YES_ERROR;
				CLANG_WARN_QUOTED_INCLUDE_IN_FRAMEWORK_HEADER = YES;
				CLANG_WARN_RANGE_LOOP_ANALYSIS = YES;
				CLANG_WARN_STRICT_PROTOTYPES = YES;
				CLANG_WARN_SUSPICIOUS_MOVE = YES;
				CLANG_WARN_UNGUARDED_AVAILABILITY = YES_AGGRESSIVE;
				CLANG_WARN_UNREACHABLE_CODE = YES;
				CLANG_WARN__DUPLICATE_METHOD_MATCH = YES;
				COPY_PHASE_STRIP = NO;
				DEBUG_INFORMATION_FORMAT = "dwarf-with-dsym";
				ENABLE_NS_ASSERTIONS = NO;
				ENABLE_STRICT_OBJC_MSGSEND = YES;
				GCC_C_LANGUAGE_STANDARD = gnu11;
				GCC_NO_COMMON_BLOCKS = YES;
				GCC_WARN_64_TO_32_BIT_CONVERSION = YES;
				GCC_WARN_ABOUT_RETURN_TYPE = YES_ERROR;
				GCC_WARN_UNDECLARED_SELECTOR = YES;
				GCC_WARN_UNINITIALIZED_AUTOS = YES_AGGRESSIVE;
				GCC_WARN_UNUSED_FUNCTION = YES;
				GCC_WARN_UNUSED_VARIABLE = YES;
				IPHONEOS_DEPLOYMENT_TARGET = 16.0;
				MTL_ENABLE_DEBUG_INFO = NO;
				MTL_FAST_MATH = YES;
				SDKROOT = iphoneos;
				SWIFT_COMPILATION_MODE = wholemodule;
				SWIFT_OPTIMIZATION_LEVEL = "-O";
				VALIDATE_PRODUCT = YES;
			};
			name = Release;
		};
		9D561CC428F4033F0060F0CA /* Debug */ = {
			isa = XCBuildConfiguration;
			baseConfigurationReference = AC5D59A0739AD991218DAAC4 /* Pods-weather.debug.xcconfig */;
			buildSettings = {
				ASSETCATALOG_COMPILER_APPICON_NAME = AppIcon;
				ASSETCATALOG_COMPILER_GLOBAL_ACCENT_COLOR_NAME = AccentColor;
				CODE_SIGN_STYLE = Automatic;
				CURRENT_PROJECT_VERSION = 1;
				DEVELOPMENT_TEAM = SGH33VSC46;
				GENERATE_INFOPLIST_FILE = YES;
				INFOPLIST_FILE = weather/Info.plist;
				INFOPLIST_KEY_UIApplicationSupportsIndirectInputEvents = YES;
				INFOPLIST_KEY_UILaunchStoryboardName = LaunchScreen;
				INFOPLIST_KEY_UIMainStoryboardFile = Main;
				INFOPLIST_KEY_UISupportedInterfaceOrientations = UIInterfaceOrientationPortrait;
				INFOPLIST_KEY_UISupportedInterfaceOrientations_iPad = "UIInterfaceOrientationLandscapeLeft UIInterfaceOrientationLandscapeRight UIInterfaceOrientationPortrait UIInterfaceOrientationPortraitUpsideDown";
				LD_RUNPATH_SEARCH_PATHS = (
					"$(inherited)",
					"@executable_path/Frameworks",
				);
				MARKETING_VERSION = 1.0;
				PRODUCT_BUNDLE_IDENTIFIER = Hwan.weather;
				PRODUCT_NAME = "$(TARGET_NAME)";
				SUPPORTED_PLATFORMS = "iphoneos iphonesimulator";
				SUPPORTS_MACCATALYST = NO;
				SUPPORTS_MAC_DESIGNED_FOR_IPHONE_IPAD = NO;
				SWIFT_EMIT_LOC_STRINGS = YES;
				SWIFT_VERSION = 5.0;
				TARGETED_DEVICE_FAMILY = 1;
			};
			name = Debug;
		};
		9D561CC528F4033F0060F0CA /* Release */ = {
			isa = XCBuildConfiguration;
			baseConfigurationReference = 03971482BD9C55C808317AC1 /* Pods-weather.release.xcconfig */;
			buildSettings = {
				ASSETCATALOG_COMPILER_APPICON_NAME = AppIcon;
				ASSETCATALOG_COMPILER_GLOBAL_ACCENT_COLOR_NAME = AccentColor;
				CODE_SIGN_STYLE = Automatic;
				CURRENT_PROJECT_VERSION = 1;
				DEVELOPMENT_TEAM = SGH33VSC46;
				GENERATE_INFOPLIST_FILE = YES;
				INFOPLIST_FILE = weather/Info.plist;
				INFOPLIST_KEY_UIApplicationSupportsIndirectInputEvents = YES;
				INFOPLIST_KEY_UILaunchStoryboardName = LaunchScreen;
				INFOPLIST_KEY_UIMainStoryboardFile = Main;
				INFOPLIST_KEY_UISupportedInterfaceOrientations = UIInterfaceOrientationPortrait;
				INFOPLIST_KEY_UISupportedInterfaceOrientations_iPad = "UIInterfaceOrientationLandscapeLeft UIInterfaceOrientationLandscapeRight UIInterfaceOrientationPortrait UIInterfaceOrientationPortraitUpsideDown";
				LD_RUNPATH_SEARCH_PATHS = (
					"$(inherited)",
					"@executable_path/Frameworks",
				);
				MARKETING_VERSION = 1.0;
				PRODUCT_BUNDLE_IDENTIFIER = Hwan.weather;
				PRODUCT_NAME = "$(TARGET_NAME)";
				SUPPORTED_PLATFORMS = "iphoneos iphonesimulator";
				SUPPORTS_MACCATALYST = NO;
				SUPPORTS_MAC_DESIGNED_FOR_IPHONE_IPAD = NO;
				SWIFT_EMIT_LOC_STRINGS = YES;
				SWIFT_VERSION = 5.0;
				TARGETED_DEVICE_FAMILY = 1;
			};
			name = Release;
		};
/* End XCBuildConfiguration section */

/* Begin XCConfigurationList section */
		9D561CAA28F4033D0060F0CA /* Build configuration list for PBXProject "weather" */ = {
			isa = XCConfigurationList;
			buildConfigurations = (
				9D561CC128F4033F0060F0CA /* Debug */,
				9D561CC228F4033F0060F0CA /* Release */,
			);
			defaultConfigurationIsVisible = 0;
			defaultConfigurationName = Release;
		};
		9D561CC328F4033F0060F0CA /* Build configuration list for PBXNativeTarget "weather" */ = {
			isa = XCConfigurationList;
			buildConfigurations = (
				9D561CC428F4033F0060F0CA /* Debug */,
				9D561CC528F4033F0060F0CA /* Release */,
			);
			defaultConfigurationIsVisible = 0;
			defaultConfigurationName = Release;
		};
/* End XCConfigurationList section */
	};
	rootObject = 9D561CA728F4033D0060F0CA /* Project object */;
}
